
Microsoft Visual Studio Solution File, Format Version 12.00
Project("{2150E333-8FDC-42A3-9474-1A3956D46DE8}") = "NotificationGateway", "NotificationGateway", "{35ED0AA9-8A3B-4D0F-8581-EFC534F7D8A8}"
EndProject
Project("{FAE04EC0-301F-11D3-BF4B-00C04F79EFBC}") = "NotificationGateway.Web", "NotificationGateway\NotificationGateway.Web\NotificationGateway.Web.csproj", "{14D86365-2AA8-40A8-85BF-D77C45BE0745}"
EndProject
Project("{2150E333-8FDC-42A3-9474-1A3956D46DE8}") = "EmailNotifier", "EmailNotifier", "{CB9F779F-6067-4E8E-A5E2-7FEC5E2321F4}"
EndProject
Project("{FAE04EC0-301F-11D3-BF4B-00C04F79EFBC}") = "EmailNotifier.Web", "EmailNotifier\EmailNotifier.Web\EmailNotifier.Web.csproj", "{820B077A-15F6-47B6-A969-E542B02AB012}"
EndProject
Project("{2150E333-8FDC-42A3-9474-1A3956D46DE8}") = "MessageNotifier", "MessageNotifier", "{7F67DBE3-7773-4308-A071-1420F54BEAF7}"
EndProject
Project("{FAE04EC0-301F-11D3-BF4B-00C04F79EFBC}") = "MessageNotifier.Web", "MessageNotifier\MessageNotifier.Web\MessageNotifier.Web.csproj", "{BF9C67B6-108D-4B25-B768-FA9AE1386797}"
EndProject
Global
	GlobalSection(SolutionConfigurationPlatforms) = preSolution
		Debug|Any CPU = Debug|Any CPU
		Release|Any CPU = Release|Any CPU
	EndGlobalSection
	GlobalSection(NestedProjects) = preSolution
		{14D86365-2AA8-40A8-85BF-D77C45BE0745} = {35ED0AA9-8A3B-4D0F-8581-EFC534F7D8A8}
		{820B077A-15F6-47B6-A969-E542B02AB012} = {CB9F779F-6067-4E8E-A5E2-7FEC5E2321F4}
		{BF9C67B6-108D-4B25-B768-FA9AE1386797} = {7F67DBE3-7773-4308-A071-1420F54BEAF7}
	EndGlobalSection
	GlobalSection(ProjectConfigurationPlatforms) = postSolution
		{14D86365-2AA8-40A8-85BF-D77C45BE0745}.Debug|Any CPU.ActiveCfg = Debug|Any CPU
		{14D86365-2AA8-40A8-85BF-D77C45BE0745}.Debug|Any CPU.Build.0 = Debug|Any CPU
		{14D86365-2AA8-40A8-85BF-D77C45BE0745}.Release|Any CPU.ActiveCfg = Release|Any CPU
		{14D86365-2AA8-40A8-85BF-D77C45BE0745}.Release|Any CPU.Build.0 = Release|Any CPU
		{820B077A-15F6-47B6-A969-E542B02AB012}.Debug|Any CPU.ActiveCfg = Debug|Any CPU
		{820B077A-15F6-47B6-A969-E542B02AB012}.Debug|Any CPU.Build.0 = Debug|Any CPU
		{820B077A-15F6-47B6-A969-E542B02AB012}.Release|Any CPU.ActiveCfg = Release|Any CPU
		{820B077A-15F6-47B6-A969-E542B02AB012}.Release|Any CPU.Build.0 = Release|Any CPU
		{BF9C67B6-108D-4B25-B768-FA9AE1386797}.Debug|Any CPU.ActiveCfg = Debug|Any CPU
		{BF9C67B6-108D-4B25-B768-FA9AE1386797}.Debug|Any CPU.Build.0 = Debug|Any CPU
		{BF9C67B6-108D-4B25-B768-FA9AE1386797}.Release|Any CPU.ActiveCfg = Release|Any CPU
		{BF9C67B6-108D-4B25-B768-FA9AE1386797}.Release|Any CPU.Build.0 = Release|Any CPU
	EndGlobalSection
EndGlobal
